
Microsoft Visual Studio Solution File, Format Version 12.00
# Visual Studio 15
VisualStudioVersion = 15.0.27428.2037
MinimumVisualStudioVersion = 10.0.40219.1
Project("{8BC9CEB8-8B4A-11D0-8D11-00A0C91BC942}") = "Conway's Game of Life", "Conway's Game of Life.vcxproj", "{84B32B4A-1831-4211-9DB6-1245F522CB40}"
EndProject
Global
	GlobalSection(SolutionConfigurationPlatforms) = preSolution
		Debug 64-bit|x64 = Debug 64-bit|x64
		Debug 64-bit|x86 = Debug 64-bit|x86
		Debug|x64 = Debug|x64
		Debug|x86 = Debug|x86
		Release 64-bit|x64 = Release 64-bit|x64
		Release 64-bit|x86 = Release 64-bit|x86
		Release|x64 = Release|x64
		Release|x86 = Release|x86
	EndGlobalSection
	GlobalSection(ProjectConfigurationPlatforms) = postSolution
		{84B32B4A-1831-4211-9DB6-1245F522CB40}.Debug 64-bit|x64.ActiveCfg = Debug 64-bit|x64
		{84B32B4A-1831-4211-9DB6-1245F522CB40}.Debug 64-bit|x64.Build.0 = Debug 64-bit|x64
		{84B32B4A-1831-4211-9DB6-1245F522CB40}.Debug 64-bit|x86.ActiveCfg = Debug 64-bit|Win32
		{84B32B4A-1831-4211-9DB6-1245F522CB40}.Debug 64-bit|x86.Build.0 = Debug 64-bit|Win32
		{84B32B4A-1831-4211-9DB6-1245F522CB40}.Debug|x64.ActiveCfg = Debug|x64
		{84B32B4A-1831-4211-9DB6-1245F522CB40}.Debug|x64.Build.0 = Debug|x64
		{84B32B4A-1831-4211-9DB6-1245F522CB40}.Debug|x86.ActiveCfg = Debug|Win32
		{84B32B4A-1831-4211-9DB6-1245F522CB40}.Debug|x86.Build.0 = Debug|Win32
		{84B32B4A-1831-4211-9DB6-1245F522CB40}.Release 64-bit|x64.ActiveCfg = Release 64-bit|x64
		{84B32B4A-1831-4211-9DB6-1245F522CB40}.Release 64-bit|x64.Build.0 = Release 64-bit|x64
		{84B32B4A-1831-4211-9DB6-1245F522CB40}.Release 64-bit|x86.ActiveCfg = Release 64-bit|Win32
		{84B32B4A-1831-4211-9DB6-1245F522CB40}.Release 64-bit|x86.Build.0 = Release 64-bit|Win32
		{84B32B4A-1831-4211-9DB6-1245F522CB40}.Release|x64.ActiveCfg = Release|x64
		{84B32B4A-1831-4211-9DB6-1245F522CB40}.Release|x64.Build.0 = Release|x64
		{84B32B4A-1831-4211-9DB6-1245F522CB40}.Release|x86.ActiveCfg = Release|Win32
		{84B32B4A-1831-4211-9DB6-1245F522CB40}.Release|x86.Build.0 = Release|Win32
	EndGlobalSection
	GlobalSection(SolutionProperties) = preSolution
		HideSolutionNode = FALSE
	EndGlobalSection
	GlobalSection(ExtensibilityGlobals) = postSolution
		SolutionGuid = {37556E64-BF1C-45CA-81C4-588F81EB6494}
	EndGlobalSection
EndGlobal
